
Microsoft Visual Studio Solution File, Format Version 12.00
# Visual Studio 15
Project("{FAE04EC0-301F-11D3-BF4B-00C04F79EFBC}") = "Dokidoki_vn_maker", "Dokidoki_vn_maker.csproj", "{D18038C4-CBC9-7BED-9218-477237738704}"
EndProject
Project("{FAE04EC0-301F-11D3-BF4B-00C04F79EFBC}") = "Dokidoki_vn_maker.Editor", "Dokidoki_vn_maker.Editor.csproj", "{8C12DE5F-6403-26AA-3722-8EAC0DB6411B}"
EndProject
Global
	GlobalSection(SolutionConfigurationPlatforms) = preSolution
		Debug|Any CPU = Debug|Any CPU
		Release|Any CPU = Release|Any CPU
	EndGlobalSection
	GlobalSection(ProjectConfigurationPlatforms) = postSolution
		{D18038C4-CBC9-7BED-9218-477237738704}.Debug|Any CPU.ActiveCfg = Debug|Any CPU
		{D18038C4-CBC9-7BED-9218-477237738704}.Debug|Any CPU.Build.0 = Debug|Any CPU
		{D18038C4-CBC9-7BED-9218-477237738704}.Release|Any CPU.ActiveCfg = Release|Any CPU
		{D18038C4-CBC9-7BED-9218-477237738704}.Release|Any CPU.Build.0 = Release|Any CPU
		{8C12DE5F-6403-26AA-3722-8EAC0DB6411B}.Debug|Any CPU.ActiveCfg = Debug|Any CPU
		{8C12DE5F-6403-26AA-3722-8EAC0DB6411B}.Debug|Any CPU.Build.0 = Debug|Any CPU
		{8C12DE5F-6403-26AA-3722-8EAC0DB6411B}.Release|Any CPU.ActiveCfg = Release|Any CPU
		{8C12DE5F-6403-26AA-3722-8EAC0DB6411B}.Release|Any CPU.Build.0 = Release|Any CPU
	EndGlobalSection
	GlobalSection(SolutionProperties) = preSolution
		HideSolutionNode = FALSE
	EndGlobalSection
EndGlobal
